
Microsoft Visual Studio Solution File, Format Version 12.00
# Visual Studio Version 17
VisualStudioVersion = 17.7.34202.233
MinimumVisualStudioVersion = 10.0.40219.1
Project("{FAE04EC0-301F-11D3-BF4B-00C04F79EFBC}") = "PESCAMAX", "PESCAMAX\PESCAMAX.csproj", "{CC3D06FF-4466-4662-B613-6FA485BB518B}"
EndProject
Global
	GlobalSection(SolutionConfigurationPlatforms) = preSolution
		Debug|Any CPU = Debug|Any CPU
		Release|Any CPU = Release|Any CPU
	EndGlobalSection
	GlobalSection(ProjectConfigurationPlatforms) = postSolution
		{CC3D06FF-4466-4662-B613-6FA485BB518B}.Debug|Any CPU.ActiveCfg = Debug|Any CPU
		{CC3D06FF-4466-4662-B613-6FA485BB518B}.Debug|Any CPU.Build.0 = Debug|Any CPU
		{CC3D06FF-4466-4662-B613-6FA485BB518B}.Release|Any CPU.ActiveCfg = Release|Any CPU
		{CC3D06FF-4466-4662-B613-6FA485BB518B}.Release|Any CPU.Build.0 = Release|Any CPU
	EndGlobalSection
	GlobalSection(SolutionProperties) = preSolution
		HideSolutionNode = FALSE
	EndGlobalSection
	GlobalSection(ExtensibilityGlobals) = postSolution
		SolutionGuid = {6819E59F-1FF9-4195-AF38-5C2FC6CD8080}
	EndGlobalSection
EndGlobal
