
Microsoft Visual Studio Solution File, Format Version 12.00
# Visual Studio Version 17
VisualStudioVersion = 17.7.34031.279
MinimumVisualStudioVersion = 10.0.40219.1
Project("{FAE04EC0-301F-11D3-BF4B-00C04F79EFBC}") = "Datos_Api", "Datos_Api.csproj", "{21977C63-9A08-4CA5-A998-6C9B10D29136}"
EndProject
Global
	GlobalSection(SolutionConfigurationPlatforms) = preSolution
		Debug|Any CPU = Debug|Any CPU
		Release|Any CPU = Release|Any CPU
	EndGlobalSection
	GlobalSection(ProjectConfigurationPlatforms) = postSolution
		{21977C63-9A08-4CA5-A998-6C9B10D29136}.Debug|Any CPU.ActiveCfg = Debug|Any CPU
		{21977C63-9A08-4CA5-A998-6C9B10D29136}.Debug|Any CPU.Build.0 = Debug|Any CPU
		{21977C63-9A08-4CA5-A998-6C9B10D29136}.Release|Any CPU.ActiveCfg = Release|Any CPU
		{21977C63-9A08-4CA5-A998-6C9B10D29136}.Release|Any CPU.Build.0 = Release|Any CPU
	EndGlobalSection
	GlobalSection(SolutionProperties) = preSolution
		HideSolutionNode = FALSE
	EndGlobalSection
	GlobalSection(ExtensibilityGlobals) = postSolution
		SolutionGuid = {DECC871A-01B2-4917-AB78-393D7B7BE94D}
	EndGlobalSection
EndGlobal
